PODS:
  - Flutter (1.0.0)
  - flutter_dart_ffi_hotreload_issue (0.0.1):
    - Flutter

DEPENDENCIES:
  - Flutter (from `Flutter`)
  - flutter_dart_ffi_hotreload_issue (from `.symlinks/plugins/flutter_dart_ffi_hotreload_issue/ios`)

EXTERNAL SOURCES:
  Flutter:
    :path: Flutter
  flutter_dart_ffi_hotreload_issue:
    :path: ".symlinks/plugins/flutter_dart_ffi_hotreload_issue/ios"

SPEC CHECKSUMS:
  Flutter: 0e3d915762c693b495b44d77113d4970485de6ec
  flutter_dart_ffi_hotreload_issue: d697a91ec729a78741069806ee889b0fb4a3c2bc

PODFILE CHECKSUM: c34e2287a9ccaa606aeceab922830efb9a6ff69a

COCOAPODS: 1.9.1
